github.com/go-chi/chi/v5 v5.1.0 h1:acVI1TYaD+hhedDJ3r54HyA6sExp3HfXq7QWEEY/xMw=
github.com/go-chi/chi/v5 v5.1.0/go.mod h1:DslCQbL2OYiznFReuXYUmQ2hGd1aDpCnlMNITLSKoi8=
github.com/togo-framework/mail v0.1.0 h1:2CJelBApUniGEajyK3lHjgTDEA/JWR2C9YZs+3yzVrk=
github.com/togo-framework/mail v0.1.0/go.mod h1:2r0/T8uiOOxm8eBVSYezoHRXvuRyh6dl1M2MpffRIWo=
github.com/togo-framework/notifications v0.1.0 h1:J79oyFoYPua+h7wBNPW3t7PVBRcLQb1qQhROWafPvww=
github.com/togo-framework/notifications v0.1.0/go.mod h1:UEwh3fBgVcZi6ziHdNAbp0nE1VjhLueXuWwLRcwLwpQ=
github.com/togo-framework/togo v0.20.1 h1:sygmzwKZ2WBYlxxFk+SaCcZgAKp0LtjA4cHcdcoGR4g=
github.com/togo-framework/togo v0.20.1/go.mod h1:/ybNefL1VWo0Pod32+YwW7ZgyInyXzOq3jGPBjUJYtc=
